{
    "_meta": {
        "hash": {
            "sha256": "88850a67e1c537a1c57def3d718a689fa57349900b9a33a328232bcca3f01d48"
        },
        "pipfile-spec": 6,
        "requires": {
            "python_version": "3.9"
        },
        "sources": [
            {
                "name": "pypi",
                "url": "https://pypi.org/simple",
                "verify_ssl": true
            }
        ]
    },
    "default": {
        "gunicorn": {
            "hashes": [
                "sha256:9dcc4547dbb1cb284accfb15ab5667a0e5d1881cc443e0677b4882a4067a807e",
                "sha256:e0a968b5ba15f8a328fdfd7ab1fcb5af4470c28aaf7e55df02a99bc13138e6e8"
            ],
            "index": "pypi",
            "version": "==20.1.0"
        },
        "waitress": {
            "hashes": [
                "sha256:29af5a53e9fb4e158f525367678b50053808ca6c21ba585754c77d790008c746",
                "sha256:69e1f242c7f80273490d3403c3976f3ac3b26e289856936d1f620ed48f321897"
            ],
            "index": "pypi",
            "version": "==2.0.0"
        }
    },
    "develop": {}
}
